
Microsoft Visual Studio Solution File, Format Version 12.00
# Visual Studio Version 17
VisualStudioVersion = 17.2.32616.157
MinimumVisualStudioVersion = 10.0.40219.1
Project("{FAE04EC0-301F-11D3-BF4B-00C04F79EFBC}") = "QuickSort", "QuickSort\QuickSort.csproj", "{C05744B6-2F24-4FAC-AA3B-E923F088541C}"
EndProject
Global
	GlobalSection(SolutionConfigurationPlatforms) = preSolution
		Debug|Any CPU = Debug|Any CPU
		Release|Any CPU = Release|Any CPU
	EndGlobalSection
	GlobalSection(ProjectConfigurationPlatforms) = postSolution
		{C05744B6-2F24-4FAC-AA3B-E923F088541C}.Debug|Any CPU.ActiveCfg = Debug|Any CPU
		{C05744B6-2F24-4FAC-AA3B-E923F088541C}.Debug|Any CPU.Build.0 = Debug|Any CPU
		{C05744B6-2F24-4FAC-AA3B-E923F088541C}.Release|Any CPU.ActiveCfg = Release|Any CPU
		{C05744B6-2F24-4FAC-AA3B-E923F088541C}.Release|Any CPU.Build.0 = Release|Any CPU
	EndGlobalSection
	GlobalSection(SolutionProperties) = preSolution
		HideSolutionNode = FALSE
	EndGlobalSection
	GlobalSection(ExtensibilityGlobals) = postSolution
		SolutionGuid = {7BE5391D-56C0-461D-8958-11544B7F7172}
	EndGlobalSection
EndGlobal
